
Microsoft Visual Studio Solution File, Format Version 12.00
# Visual Studio 15
VisualStudioVersion = 15.0.27703.2026
MinimumVisualStudioVersion = 10.0.40219.1
Project("{FAE04EC0-301F-11D3-BF4B-00C04F79EFBC}") = "WebAPIResponse", "WebAPIResponse\WebAPIResponse.csproj", "{F601530B-1C31-4728-8C94-BEED5E830A97}"
EndProject
Global
	GlobalSection(SolutionConfigurationPlatforms) = preSolution
		Debug|Any CPU = Debug|Any CPU
		Release|Any CPU = Release|Any CPU
	EndGlobalSection
	GlobalSection(ProjectConfigurationPlatforms) = postSolution
		{F601530B-1C31-4728-8C94-BEED5E830A97}.Debug|Any CPU.ActiveCfg = Debug|Any CPU
		{F601530B-1C31-4728-8C94-BEED5E830A97}.Debug|Any CPU.Build.0 = Debug|Any CPU
		{F601530B-1C31-4728-8C94-BEED5E830A97}.Release|Any CPU.ActiveCfg = Release|Any CPU
		{F601530B-1C31-4728-8C94-BEED5E830A97}.Release|Any CPU.Build.0 = Release|Any CPU
	EndGlobalSection
	GlobalSection(SolutionProperties) = preSolution
		HideSolutionNode = FALSE
	EndGlobalSection
	GlobalSection(ExtensibilityGlobals) = postSolution
		SolutionGuid = {2A63DA4C-F5CF-4E89-BEDB-A306423A4B65}
	EndGlobalSection
EndGlobal
